
Microsoft Visual Studio Solution File, Format Version 12.00
# Visual Studio Version 16
VisualStudioVersion = 16.0.31624.102
MinimumVisualStudioVersion = 10.0.40219.1
Project("{FAE04EC0-301F-11D3-BF4B-00C04F79EFBC}") = "AppFoodDeliveryUI.Android", "AppFoodDeliveryUI.Android\AppFoodDeliveryUI.Android.csproj", "{42455932-D21B-4034-AB21-09EC3DCEF980}"
EndProject
Project("{FAE04EC0-301F-11D3-BF4B-00C04F79EFBC}") = "AppFoodDeliveryUI.iOS", "AppFoodDeliveryUI.iOS\AppFoodDeliveryUI.iOS.csproj", "{978487BE-F5AA-4A23-83A8-97B970CE944D}"
EndProject
Project("{FAE04EC0-301F-11D3-BF4B-00C04F79EFBC}") = "AppFoodDeliveryUI", "AppFoodDeliveryUI\AppFoodDeliveryUI.csproj", "{C83BEF34-EF04-419D-B86E-18D1E0909747}"
EndProject
Global
	GlobalSection(SolutionConfigurationPlatforms) = preSolution
		Debug|Any CPU = Debug|Any CPU
		Debug|iPhone = Debug|iPhone
		Debug|iPhoneSimulator = Debug|iPhoneSimulator
		Release|Any CPU = Release|Any CPU
		Release|iPhone = Release|iPhone
		Release|iPhoneSimulator = Release|iPhoneSimulator
	EndGlobalSection
	GlobalSection(ProjectConfigurationPlatforms) = postSolution
		{42455932-D21B-4034-AB21-09EC3DCEF980}.Debug|Any CPU.ActiveCfg = Debug|Any CPU
		{42455932-D21B-4034-AB21-09EC3DCEF980}.Debug|Any CPU.Build.0 = Debug|Any CPU
		{42455932-D21B-4034-AB21-09EC3DCEF980}.Debug|Any CPU.Deploy.0 = Debug|Any CPU
		{42455932-D21B-4034-AB21-09EC3DCEF980}.Debug|iPhone.ActiveCfg = Debug|Any CPU
		{42455932-D21B-4034-AB21-09EC3DCEF980}.Debug|iPhone.Build.0 = Debug|Any CPU
		{42455932-D21B-4034-AB21-09EC3DCEF980}.Debug|iPhone.Deploy.0 = Debug|Any CPU
		{42455932-D21B-4034-AB21-09EC3DCEF980}.Debug|iPhoneSimulator.ActiveCfg = Debug|Any CPU
		{42455932-D21B-4034-AB21-09EC3DCEF980}.Debug|iPhoneSimulator.Build.0 = Debug|Any CPU
		{42455932-D21B-4034-AB21-09EC3DCEF980}.Debug|iPhoneSimulator.Deploy.0 = Debug|Any CPU
		{42455932-D21B-4034-AB21-09EC3DCEF980}.Release|Any CPU.ActiveCfg = Release|Any CPU
		{42455932-D21B-4034-AB21-09EC3DCEF980}.Release|Any CPU.Build.0 = Release|Any CPU
		{42455932-D21B-4034-AB21-09EC3DCEF980}.Release|Any CPU.Deploy.0 = Release|Any CPU
		{42455932-D21B-4034-AB21-09EC3DCEF980}.Release|iPhone.ActiveCfg = Release|Any CPU
		{42455932-D21B-4034-AB21-09EC3DCEF980}.Release|iPhone.Build.0 = Release|Any CPU
		{42455932-D21B-4034-AB21-09EC3DCEF980}.Release|iPhone.Deploy.0 = Release|Any CPU
		{42455932-D21B-4034-AB21-09EC3DCEF980}.Release|iPhoneSimulator.ActiveCfg = Release|Any CPU
		{42455932-D21B-4034-AB21-09EC3DCEF980}.Release|iPhoneSimulator.Build.0 = Release|Any CPU
		{42455932-D21B-4034-AB21-09EC3DCEF980}.Release|iPhoneSimulator.Deploy.0 = Release|Any CPU
		{978487BE-F5AA-4A23-83A8-97B970CE944D}.Debug|Any CPU.ActiveCfg = Debug|iPhone
		{978487BE-F5AA-4A23-83A8-97B970CE944D}.Debug|Any CPU.Build.0 = Debug|iPhone
		{978487BE-F5AA-4A23-83A8-97B970CE944D}.Debug|Any CPU.Deploy.0 = Debug|iPhone
		{978487BE-F5AA-4A23-83A8-97B970CE944D}.Debug|iPhone.ActiveCfg = Debug|iPhone
		{978487BE-F5AA-4A23-83A8-97B970CE944D}.Debug|iPhone.Build.0 = Debug|iPhone
		{978487BE-F5AA-4A23-83A8-97B970CE944D}.Debug|iPhone.Deploy.0 = Debug|iPhone
		{978487BE-F5AA-4A23-83A8-97B970CE944D}.Debug|iPhoneSimulator.ActiveCfg = Debug|iPhoneSimulator
		{978487BE-F5AA-4A23-83A8-97B970CE944D}.Debug|iPhoneSimulator.Build.0 = Debug|iPhoneSimulator
		{978487BE-F5AA-4A23-83A8-97B970CE944D}.Debug|iPhoneSimulator.Deploy.0 = Debug|iPhoneSimulator
		{978487BE-F5AA-4A23-83A8-97B970CE944D}.Release|Any CPU.ActiveCfg = Release|iPhoneSimulator
		{978487BE-F5AA-4A23-83A8-97B970CE944D}.Release|Any CPU.Build.0 = Release|iPhoneSimulator
		{978487BE-F5AA-4A23-83A8-97B970CE944D}.Release|Any CPU.Deploy.0 = Release|iPhoneSimulator
		{978487BE-F5AA-4A23-83A8-97B970CE944D}.Release|iPhone.ActiveCfg = Release|iPhone
		{978487BE-F5AA-4A23-83A8-97B970CE944D}.Release|iPhone.Build.0 = Release|iPhone
		{978487BE-F5AA-4A23-83A8-97B970CE944D}.Release|iPhone.Deploy.0 = Release|iPhone
		{978487BE-F5AA-4A23-83A8-97B970CE944D}.Release|iPhoneSimulator.ActiveCfg = Release|iPhoneSimulator
		{978487BE-F5AA-4A23-83A8-97B970CE944D}.Release|iPhoneSimulator.Build.0 = Release|iPhoneSimulator
		{978487BE-F5AA-4A23-83A8-97B970CE944D}.Release|iPhoneSimulator.Deploy.0 = Release|iPhoneSimulator
		{C83BEF34-EF04-419D-B86E-18D1E0909747}.Debug|Any CPU.ActiveCfg = Debug|Any CPU
		{C83BEF34-EF04-419D-B86E-18D1E0909747}.Debug|Any CPU.Build.0 = Debug|Any CPU
		{C83BEF34-EF04-419D-B86E-18D1E0909747}.Debug|Any CPU.Deploy.0 = Debug|Any CPU
		{C83BEF34-EF04-419D-B86E-18D1E0909747}.Debug|iPhone.ActiveCfg = Debug|Any CPU
		{C83BEF34-EF04-419D-B86E-18D1E0909747}.Debug|iPhone.Build.0 = Debug|Any CPU
		{C83BEF34-EF04-419D-B86E-18D1E0909747}.Debug|iPhone.Deploy.0 = Debug|Any CPU
		{C83BEF34-EF04-419D-B86E-18D1E0909747}.Debug|iPhoneSimulator.ActiveCfg = Debug|Any CPU
		{C83BEF34-EF04-419D-B86E-18D1E0909747}.Debug|iPhoneSimulator.Build.0 = Debug|Any CPU
		{C83BEF34-EF04-419D-B86E-18D1E0909747}.Debug|iPhoneSimulator.Deploy.0 = Debug|Any CPU
		{C83BEF34-EF04-419D-B86E-18D1E0909747}.Release|Any CPU.ActiveCfg = Release|Any CPU
		{C83BEF34-EF04-419D-B86E-18D1E0909747}.Release|Any CPU.Build.0 = Release|Any CPU
		{C83BEF34-EF04-419D-B86E-18D1E0909747}.Release|Any CPU.Deploy.0 = Release|Any CPU
		{C83BEF34-EF04-419D-B86E-18D1E0909747}.Release|iPhone.ActiveCfg = Release|Any CPU
		{C83BEF34-EF04-419D-B86E-18D1E0909747}.Release|iPhone.Build.0 = Release|Any CPU
		{C83BEF34-EF04-419D-B86E-18D1E0909747}.Release|iPhone.Deploy.0 = Release|Any CPU
		{C83BEF34-EF04-419D-B86E-18D1E0909747}.Release|iPhoneSimulator.ActiveCfg = Release|Any CPU
		{C83BEF34-EF04-419D-B86E-18D1E0909747}.Release|iPhoneSimulator.Build.0 = Release|Any CPU
		{C83BEF34-EF04-419D-B86E-18D1E0909747}.Release|iPhoneSimulator.Deploy.0 = Release|Any CPU
	EndGlobalSection
	GlobalSection(SolutionProperties) = preSolution
		HideSolutionNode = FALSE
	EndGlobalSection
	GlobalSection(ExtensibilityGlobals) = postSolution
		SolutionGuid = {89073A00-A52B-4C19-B995-4BDB0C2A40CF}
	EndGlobalSection
EndGlobal
